
Microsoft Visual Studio Solution File, Format Version 12.00
# Visual Studio Version 17
VisualStudioVersion = 17.4.33213.308
MinimumVisualStudioVersion = 10.0.40219.1
Project("{FAE04EC0-301F-11D3-BF4B-00C04F79EFBC}") = "practice", "practice\practice.csproj", "{2961465A-E865-4854-80CF-A7F9D400AC12}"
EndProject
Global
	GlobalSection(SolutionConfigurationPlatforms) = preSolution
		Debug|Any CPU = Debug|Any CPU
		Release|Any CPU = Release|Any CPU
	EndGlobalSection
	GlobalSection(ProjectConfigurationPlatforms) = postSolution
		{2961465A-E865-4854-80CF-A7F9D400AC12}.Debug|Any CPU.ActiveCfg = Debug|Any CPU
		{2961465A-E865-4854-80CF-A7F9D400AC12}.Debug|Any CPU.Build.0 = Debug|Any CPU
		{2961465A-E865-4854-80CF-A7F9D400AC12}.Release|Any CPU.ActiveCfg = Release|Any CPU
		{2961465A-E865-4854-80CF-A7F9D400AC12}.Release|Any CPU.Build.0 = Release|Any CPU
	EndGlobalSection
	GlobalSection(SolutionProperties) = preSolution
		HideSolutionNode = FALSE
	EndGlobalSection
	GlobalSection(ExtensibilityGlobals) = postSolution
		SolutionGuid = {5ABEC91D-4FE2-44F9-9FC8-0F2887C8C20E}
	EndGlobalSection
EndGlobal
